{
  "name": "talent-tune",
  "lockfileVersion": 3,
  "requires": true,
  "packages": {
    "": {
      "dependencies": {
        "i18n-iso-countries": "^7.10.0"
      }
    },
    "node_modules/diacritics": {
      "version": "1.3.0",
      "resolved": "https://registry.npmjs.org/diacritics/-/diacritics-1.3.0.tgz",
      "integrity": "sha512-wlwEkqcsaxvPJML+rDh/2iS824jbREk6DUMUKkEaSlxdYHeS43cClJtsWglvw2RfeXGm6ohKDqsXteJ5sP5enA=="
    },
    "node_modules/i18n-iso-countries": {
      "version": "7.10.0",
      "resolved": "https://registry.npmjs.org/i18n-iso-countries/-/i18n-iso-countries-7.10.0.tgz",
      "integrity": "sha512-Y4wkIS2MzYk7cvaV665qcHpBUK4FaMcAhSfsggu9SPV9VpWvmH8NklofWvPPFWG1ZXmxqZ0Ubgr+ZtqddxG4ag==",
      "dependencies": {
        "diacritics": "1.3.0"
      },
      "engines": {
        "node": ">= 12"
      }
    }
  }
}
